
Microsoft Visual Studio Solution File, Format Version 12.00
# Visual Studio 15
VisualStudioVersion = 15.0.28307.329
MinimumVisualStudioVersion = 10.0.40219.1
Project("{FAE04EC0-301F-11D3-BF4B-00C04F79EFBC}") = "Group 24 Animated Algorithms", "Group 24 Animated Algorithms\Group 24 Animated Algorithms.csproj", "{0675E7DC-A05F-46C9-A533-8667B64C1DBB}"
EndProject
Global
	GlobalSection(SolutionConfigurationPlatforms) = preSolution
		Debug|Any CPU = Debug|Any CPU
		Release|Any CPU = Release|Any CPU
	EndGlobalSection
	GlobalSection(ProjectConfigurationPlatforms) = postSolution
		{0675E7DC-A05F-46C9-A533-8667B64C1DBB}.Debug|Any CPU.ActiveCfg = Debug|Any CPU
		{0675E7DC-A05F-46C9-A533-8667B64C1DBB}.Debug|Any CPU.Build.0 = Debug|Any CPU
		{0675E7DC-A05F-46C9-A533-8667B64C1DBB}.Release|Any CPU.ActiveCfg = Release|Any CPU
		{0675E7DC-A05F-46C9-A533-8667B64C1DBB}.Release|Any CPU.Build.0 = Release|Any CPU
	EndGlobalSection
	GlobalSection(SolutionProperties) = preSolution
		HideSolutionNode = FALSE
	EndGlobalSection
	GlobalSection(ExtensibilityGlobals) = postSolution
		SolutionGuid = {90ADE8EC-F26C-4256-AF27-345A99F0319C}
	EndGlobalSection
EndGlobal
